// !$*UTF8*$!
{
	archiveVersion = 1;
	classes = {
	};
	objectVersion = 46;
	objects = {

/* Begin PBXBuildFile section */
		66B3B5481973967900893A34 /* AppDelegate.swift in Sources */ = {isa = PBXBuildFile; fileRef = 66B3B5471973967900893A34 /* AppDelegate.swift */; };
		66B3B54A1973967900893A34 /* ViewController.swift in Sources */ = {isa = PBXBuildFile; fileRef = 66B3B5491973967900893A34 /* ViewController.swift */; };
		66B3B54D1973967900893A34 /* Main.storyboard in Resources */ = {isa = PBXBuildFile; fileRef = 66B3B54B1973967900893A34 /* Main.storyboard */; };
		66B3B54F1973967900893A34 /* Images.xcassets in Resources */ = {isa = PBXBuildFile; fileRef = 66B3B54E1973967900893A34 /* Images.xcassets */; };
		66B3B55B1973967900893A34 /* CaliforniaGrowlerFillTests.swift in Sources */ = {isa = PBXBuildFile; fileRef = 66B3B55A1973967900893A34 /* CaliforniaGrowlerFillTests.swift */; };
		66B3B56619739ECA00893A34 /* Brewery.swift in Sources */ = {isa = PBXBuildFile; fileRef = 66B3B56519739ECA00893A34 /* Brewery.swift */; };
		66B3B5691973A64600893A34 /* BreweryListingCell.swift in Sources */ = {isa = PBXBuildFile; fileRef = 66B3B5681973A64600893A34 /* BreweryListingCell.swift */; };
/* End PBXBuildFile section */

/* Begin PBXContainerItemProxy section */
		66B3B5551973967900893A34 /* PBXContainerItemProxy */ = {
			isa = PBXContainerItemProxy;
			containerPortal = 66B3B53A1973967900893A34 /* Project object */;
			proxyType = 1;
			remoteGlobalIDString = 66B3B5411973967900893A34;
			remoteInfo = CaliforniaGrowlerFill;
		};
/* End PBXContainerItemProxy section */

/* Begin PBXFileReference section */
		66B3B5421973967900893A34 /* CaliforniaGrowlerFill.app */ = {isa = PBXFileReference; explicitFileType = wrapper.application; includeInIndex = 0; path = CaliforniaGrowlerFill.app; sourceTree = BUILT_PRODUCTS_DIR; };
		66B3B5461973967900893A34 /* Info.plist */ = {isa = PBXFileReference; lastKnownFileType = text.plist.xml; path = Info.plist; sourceTree = "<group>"; };
		66B3B5471973967900893A34 /* AppDelegate.swift */ = {isa = PBXFileReference; lastKnownFileType = sourcecode.swift; path = AppDelegate.swift; sourceTree = "<group>"; };
		66B3B5491973967900893A34 /* ViewController.swift */ = {isa = PBXFileReference; lastKnownFileType = sourcecode.swift; path = ViewController.swift; sourceTree = "<group>"; };
		66B3B54C1973967900893A34 /* Base */ = {isa = PBXFileReference; lastKnownFileType = file.storyboard; name = Base; path = Base.lproj/Main.storyboard; sourceTree = "<group>"; };
		66B3B54E1973967900893A34 /* Images.xcassets */ = {isa = PBXFileReference; lastKnownFileType = folder.assetcatalog; path = Images.xcassets; sourceTree = "<group>"; };
		66B3B5541973967900893A34 /* CaliforniaGrowlerFillTests.xctest */ = {isa = PBXFileReference; explicitFileType = wrapper.cfbundle; includeInIndex = 0; path = CaliforniaGrowlerFillTests.xctest; sourceTree = BUILT_PRODUCTS_DIR; };
		66B3B5591973967900893A34 /* Info.plist */ = {isa = PBXFileReference; lastKnownFileType = text.plist.xml; path = Info.plist; sourceTree = "<group>"; };
		66B3B55A1973967900893A34 /* CaliforniaGrowlerFillTests.swift */ = {isa = PBXFileReference; lastKnownFileType = sourcecode.swift; path = CaliforniaGrowlerFillTests.swift; sourceTree = "<group>"; };
		66B3B56519739ECA00893A34 /* Brewery.swift */ = {isa = PBXFileReference; fileEncoding = 4; lastKnownFileType = sourcecode.swift; path = Brewery.swift; sourceTree = "<group>"; };
		66B3B5681973A64600893A34 /* BreweryListingCell.swift */ = {isa = PBXFileReference; fileEncoding = 4; lastKnownFileType = sourcecode.swift; path = BreweryListingCell.swift; sourceTree = "<group>"; };
/* End PBXFileReference section */

/* Begin PBXFrameworksBuildPhase section */
		66B3B53F1973967900893A34 /* Frameworks */ = {
			isa = PBXFrameworksBuildPhase;
			buildActionMask = 2147483647;
			files = (
			);
			runOnlyForDeploymentPostprocessing = 0;
		};
		66B3B5511973967900893A34 /* Frameworks */ = {
			isa = PBXFrameworksBuildPhase;
			buildActionMask = 2147483647;
			files = (
			);
			runOnlyForDeploymentPostprocessing = 0;
		};
/* End PBXFrameworksBuildPhase section */

/* Begin PBXGroup section */
		66B3B5391973967900893A34 = {
			isa = PBXGroup;
			children = (
				66B3B5441973967900893A34 /* CaliforniaGrowlerFill */,
				66B3B5571973967900893A34 /* CaliforniaGrowlerFillTests */,
				66B3B5431973967900893A34 /* Products */,
			);
			sourceTree = "<group>";
		};
		66B3B5431973967900893A34 /* Products */ = {
			isa = PBXGroup;
			children = (
				66B3B5421973967900893A34 /* CaliforniaGrowlerFill.app */,
				66B3B5541973967900893A34 /* CaliforniaGrowlerFillTests.xctest */,
			);
			name = Products;
			sourceTree = "<group>";
		};
		66B3B5441973967900893A34 /* CaliforniaGrowlerFill */ = {
			isa = PBXGroup;
			children = (
				66B3B56419739E8300893A34 /* Models */,
				66B3B5671973A4A800893A34 /* Views */,
				66B3B5471973967900893A34 /* AppDelegate.swift */,
				66B3B5491973967900893A34 /* ViewController.swift */,
				66B3B54B1973967900893A34 /* Main.storyboard */,
				66B3B54E1973967900893A34 /* Images.xcassets */,
				66B3B5451973967900893A34 /* Supporting Files */,
			);
			path = CaliforniaGrowlerFill;
			sourceTree = "<group>";
		};
		66B3B5451973967900893A34 /* Supporting Files */ = {
			isa = PBXGroup;
			children = (
				66B3B5461973967900893A34 /* Info.plist */,
			);
			name = "Supporting Files";
			sourceTree = "<group>";
		};
		66B3B5571973967900893A34 /* CaliforniaGrowlerFillTests */ = {
			isa = PBXGroup;
			children = (
				66B3B55A1973967900893A34 /* CaliforniaGrowlerFillTests.swift */,
				66B3B5581973967900893A34 /* Supporting Files */,
			);
			path = CaliforniaGrowlerFillTests;
			sourceTree = "<group>";
		};
		66B3B5581973967900893A34 /* Supporting Files */ = {
			isa = PBXGroup;
			children = (
				66B3B5591973967900893A34 /* Info.plist */,
			);
			name = "Supporting Files";
			sourceTree = "<group>";
		};
		66B3B56419739E8300893A34 /* Models */ = {
			isa = PBXGroup;
			children = (
				66B3B56519739ECA00893A34 /* Brewery.swift */,
			);
			path = Models;
			sourceTree = "<group>";
		};
		66B3B5671973A4A800893A34 /* Views */ = {
			isa = PBXGroup;
			children = (
				66B3B5681973A64600893A34 /* BreweryListingCell.swift */,
			);
			path = Views;
			sourceTree = "<group>";
		};
/* End PBXGroup section */

/* Begin PBXNativeTarget section */
		66B3B5411973967900893A34 /* CaliforniaGrowlerFill */ = {
			isa = PBXNativeTarget;
			buildConfigurationList = 66B3B55E1973967900893A34 /* Build configuration list for PBXNativeTarget "CaliforniaGrowlerFill" */;
			buildPhases = (
				66B3B53E1973967900893A34 /* Sources */,
				66B3B53F1973967900893A34 /* Frameworks */,
				66B3B5401973967900893A34 /* Resources */,
			);
			buildRules = (
			);
			dependencies = (
			);
			name = CaliforniaGrowlerFill;
			productName = CaliforniaGrowlerFill;
			productReference = 66B3B5421973967900893A34 /* CaliforniaGrowlerFill.app */;
			productType = "com.apple.product-type.application";
		};
		66B3B5531973967900893A34 /* CaliforniaGrowlerFillTests */ = {
			isa = PBXNativeTarget;
			buildConfigurationList = 66B3B5611973967900893A34 /* Build configuration list for PBXNativeTarget "CaliforniaGrowlerFillTests" */;
			buildPhases = (
				66B3B5501973967900893A34 /* Sources */,
				66B3B5511973967900893A34 /* Frameworks */,
				66B3B5521973967900893A34 /* Resources */,
			);
			buildRules = (
			);
			dependencies = (
				66B3B5561973967900893A34 /* PBXTargetDependency */,
			);
			name = CaliforniaGrowlerFillTests;
			productName = CaliforniaGrowlerFillTests;
			productReference = 66B3B5541973967900893A34 /* CaliforniaGrowlerFillTests.xctest */;
			productType = "com.apple.product-type.bundle.unit-test";
		};
/* End PBXNativeTarget section */

/* Begin PBXProject section */
		66B3B53A1973967900893A34 /* Project object */ = {
			isa = PBXProject;
			attributes = {
				LastUpgradeCheck = 0600;
				ORGANIZATIONNAME = Subtracktion;
				TargetAttributes = {
					66B3B5411973967900893A34 = {
						CreatedOnToolsVersion = 6.0;
					};
					66B3B5531973967900893A34 = {
						CreatedOnToolsVersion = 6.0;
						TestTargetID = 66B3B5411973967900893A34;
					};
				};
			};
			buildConfigurationList = 66B3B53D1973967900893A34 /* Build configuration list for PBXProject "CaliforniaGrowlerFill" */;
			compatibilityVersion = "Xcode 3.2";
			developmentRegion = English;
			hasScannedForEncodings = 0;
			knownRegions = (
				en,
				Base,
			);
			mainGroup = 66B3B5391973967900893A34;
			productRefGroup = 66B3B5431973967900893A34 /* Products */;
			projectDirPath = "";
			projectRoot = "";
			targets = (
				66B3B5411973967900893A34 /* CaliforniaGrowlerFill */,
				66B3B5531973967900893A34 /* CaliforniaGrowlerFillTests */,
			);
		};
/* End PBXProject section */

/* Begin PBXResourcesBuildPhase section */
		66B3B5401973967900893A34 /* Resources */ = {
			isa = PBXResourcesBuildPhase;
			buildActionMask = 2147483647;
			files = (
				66B3B54D1973967900893A34 /* Main.storyboard in Resources */,
				66B3B54F1973967900893A34 /* Images.xcassets in Resources */,
			);
			runOnlyForDeploymentPostprocessing = 0;
		};
		66B3B5521973967900893A34 /* Resources */ = {
			isa = PBXResourcesBuildPhase;
			buildActionMask = 2147483647;
			files = (
			);
			runOnlyForDeploymentPostprocessing = 0;
		};
/* End PBXResourcesBuildPhase section */

/* Begin PBXSourcesBuildPhase section */
		66B3B53E1973967900893A34 /* Sources */ = {
			isa = PBXSourcesBuildPhase;
			buildActionMask = 2147483647;
			files = (
				66B3B54A1973967900893A34 /* ViewController.swift in Sources */,
				66B3B5691973A64600893A34 /* BreweryListingCell.swift in Sources */,
				66B3B56619739ECA00893A34 /* Brewery.swift in Sources */,
				66B3B5481973967900893A34 /* AppDelegate.swift in Sources */,
			);
			runOnlyForDeploymentPostprocessing = 0;
		};
		66B3B5501973967900893A34 /* Sources */ = {
			isa = PBXSourcesBuildPhase;
			buildActionMask = 2147483647;
			files = (
				66B3B55B1973967900893A34 /* CaliforniaGrowlerFillTests.swift in Sources */,
			);
			runOnlyForDeploymentPostprocessing = 0;
		};
/* End PBXSourcesBuildPhase section */

/* Begin PBXTargetDependency section */
		66B3B5561973967900893A34 /* PBXTargetDependency */ = {
			isa = PBXTargetDependency;
			target = 66B3B5411973967900893A34 /* CaliforniaGrowlerFill */;
			targetProxy = 66B3B5551973967900893A34 /* PBXContainerItemProxy */;
		};
/* End PBXTargetDependency section */

/* Begin PBXVariantGroup section */
		66B3B54B1973967900893A34 /* Main.storyboard */ = {
			isa = PBXVariantGroup;
			children = (
				66B3B54C1973967900893A34 /* Base */,
			);
			name = Main.storyboard;
			sourceTree = "<group>";
		};
/* End PBXVariantGroup section */

/* Begin XCBuildConfiguration section */
		66B3B55C1973967900893A34 /* Debug */ = {
			isa = XCBuildConfiguration;
			buildSettings = {
				ALWAYS_SEARCH_USER_PATHS = NO;
				CLANG_CXX_LANGUAGE_STANDARD = "gnu++0x";
				CLANG_CXX_LIBRARY = "libc++";
				CLANG_ENABLE_MODULES = YES;
				CLANG_ENABLE_OBJC_ARC = YES;
				CLANG_WARN_BOOL_CONVERSION = YES;
				CLANG_WARN_CONSTANT_CONVERSION = YES;
				CLANG_WARN_DIRECT_OBJC_ISA_USAGE = YES_ERROR;
				CLANG_WARN_EMPTY_BODY = YES;
				CLANG_WARN_ENUM_CONVERSION = YES;
				CLANG_WARN_INT_CONVERSION = YES;
				CLANG_WARN_OBJC_ROOT_CLASS = YES_ERROR;
				CLANG_WARN_UNREACHABLE_CODE = YES;
				CLANG_WARN__DUPLICATE_METHOD_MATCH = YES;
				"CODE_SIGN_IDENTITY[sdk=iphoneos*]" = "iPhone Developer";
				COPY_PHASE_STRIP = NO;
				ENABLE_STRICT_OBJC_MSGSEND = YES;
				GCC_C_LANGUAGE_STANDARD = gnu99;
				GCC_DYNAMIC_NO_PIC = NO;
				GCC_OPTIMIZATION_LEVEL = 0;
				GCC_PREPROCESSOR_DEFINITIONS = (
					"DEBUG=1",
					"$(inherited)",
				);
				GCC_SYMBOLS_PRIVATE_EXTERN = NO;
				GCC_WARN_64_TO_32_BIT_CONVERSION = YES;
				GCC_WARN_ABOUT_RETURN_TYPE = YES_ERROR;
				GCC_WARN_UNDECLARED_SELECTOR = YES;
				GCC_WARN_UNINITIALIZED_AUTOS = YES_AGGRESSIVE;
				GCC_WARN_UNUSED_FUNCTION = YES;
				GCC_WARN_UNUSED_VARIABLE = YES;
				IPHONEOS_DEPLOYMENT_TARGET = 8.0;
				MTL_ENABLE_DEBUG_INFO = YES;
				ONLY_ACTIVE_ARCH = YES;
				SDKROOT = iphoneos;
				SWIFT_OPTIMIZATION_LEVEL = "-Onone";
			};
			name = Debug;
		};
		66B3B55D1973967900893A34 /* Release */ = {
			isa = XCBuildConfiguration;
			buildSettings = {
				ALWAYS_SEARCH_USER_PATHS = NO;
				CLANG_CXX_LANGUAGE_STANDARD = "gnu++0x";
				CLANG_CXX_LIBRARY = "libc++";
				CLANG_ENABLE_MODULES = YES;
				CLANG_ENABLE_OBJC_ARC = YES;
				CLANG_WARN_BOOL_CONVERSION = YES;
				CLANG_WARN_CONSTANT_CONVERSION = YES;
				CLANG_WARN_DIRECT_OBJC_ISA_USAGE = YES_ERROR;
				CLANG_WARN_EMPTY_BODY = YES;
				CLANG_WARN_ENUM_CONVERSION = YES;
				CLANG_WARN_INT_CONVERSION = YES;
				CLANG_WARN_OBJC_ROOT_CLASS = YES_ERROR;
				CLANG_WARN_UNREACHABLE_CODE = YES;
				CLANG_WARN__DUPLICATE_METHOD_MATCH = YES;
				"CODE_SIGN_IDENTITY[sdk=iphoneos*]" = "iPhone Developer";
				COPY_PHASE_STRIP = YES;
				ENABLE_NS_ASSERTIONS = NO;
				ENABLE_STRICT_OBJC_MSGSEND = YES;
				GCC_C_LANGUAGE_STANDARD = gnu99;
				GCC_WARN_64_TO_32_BIT_CONVERSION = YES;
				GCC_WARN_ABOUT_RETURN_TYPE = YES_ERROR;
				GCC_WARN_UNDECLARED_SELECTOR = YES;
				GCC_WARN_UNINITIALIZED_AUTOS = YES_AGGRESSIVE;
				GCC_WARN_UNUSED_FUNCTION = YES;
				GCC_WARN_UNUSED_VARIABLE = YES;
				IPHONEOS_DEPLOYMENT_TARGET = 8.0;
				MTL_ENABLE_DEBUG_INFO = NO;
				SDKROOT = iphoneos;
				VALIDATE_PRODUCT = YES;
			};
			name = Release;
		};
		66B3B55F1973967900893A34 /* Debug */ = {
			isa = XCBuildConfiguration;
			buildSettings = {
				ASSETCATALOG_COMPILER_APPICON_NAME = AppIcon;
				ASSETCATALOG_COMPILER_LAUNCHIMAGE_NAME = LaunchImage;
				INFOPLIST_FILE = CaliforniaGrowlerFill/Info.plist;
				LD_RUNPATH_SEARCH_PATHS = "$(inherited) @executable_path/Frameworks";
				PRODUCT_NAME = "$(TARGET_NAME)";
			};
			name = Debug;
		};
		66B3B5601973967900893A34 /* Release */ = {
			isa = XCBuildConfiguration;
			buildSettings = {
				ASSETCATALOG_COMPILER_APPICON_NAME = AppIcon;
				ASSETCATALOG_COMPILER_LAUNCHIMAGE_NAME = LaunchImage;
				INFOPLIST_FILE = CaliforniaGrowlerFill/Info.plist;
				LD_RUNPATH_SEARCH_PATHS = "$(inherited) @executable_path/Frameworks";
				PRODUCT_NAME = "$(TARGET_NAME)";
			};
			name = Release;
		};
		66B3B5621973967900893A34 /* Debug */ = {
			isa = XCBuildConfiguration;
			buildSettings = {
				BUNDLE_LOADER = "$(BUILT_PRODUCTS_DIR)/CaliforniaGrowlerFill.app/CaliforniaGrowlerFill";
				FRAMEWORK_SEARCH_PATHS = (
					"$(SDKROOT)/Developer/Library/Frameworks",
					"$(inherited)",
				);
				GCC_PREPROCESSOR_DEFINITIONS = (
					"DEBUG=1",
					"$(inherited)",
				);
				INFOPLIST_FILE = CaliforniaGrowlerFillTests/Info.plist;
				LD_RUNPATH_SEARCH_PATHS = "$(inherited) @executable_path/Frameworks @loader_path/Frameworks";
				PRODUCT_NAME = "$(TARGET_NAME)";
				TEST_HOST = "$(BUNDLE_LOADER)";
			};
			name = Debug;
		};
		66B3B5631973967900893A34 /* Release */ = {
			isa = XCBuildConfiguration;
			buildSettings = {
				BUNDLE_LOADER = "$(BUILT_PRODUCTS_DIR)/CaliforniaGrowlerFill.app/CaliforniaGrowlerFill";
				FRAMEWORK_SEARCH_PATHS = (
					"$(SDKROOT)/Developer/Library/Frameworks",
					"$(inherited)",
				);
				INFOPLIST_FILE = CaliforniaGrowlerFillTests/Info.plist;
				LD_RUNPATH_SEARCH_PATHS = "$(inherited) @executable_path/Frameworks @loader_path/Frameworks";
				PRODUCT_NAME = "$(TARGET_NAME)";
				TEST_HOST = "$(BUNDLE_LOADER)";
			};
			name = Release;
		};
/* End XCBuildConfiguration section */

/* Begin XCConfigurationList section */
		66B3B53D1973967900893A34 /* Build configuration list for PBXProject "CaliforniaGrowlerFill" */ = {
			isa = XCConfigurationList;
			buildConfigurations = (
				66B3B55C1973967900893A34 /* Debug */,
				66B3B55D1973967900893A34 /* Release */,
			);
			defaultConfigurationIsVisible = 0;
			defaultConfigurationName = Release;
		};
		66B3B55E1973967900893A34 /* Build configuration list for PBXNativeTarget "CaliforniaGrowlerFill" */ = {
			isa = XCConfigurationList;
			buildConfigurations = (
				66B3B55F1973967900893A34 /* Debug */,
				66B3B5601973967900893A34 /* Release */,
			);
			defaultConfigurationIsVisible = 0;
		};
		66B3B5611973967900893A34 /* Build configuration list for PBXNativeTarget "CaliforniaGrowlerFillTests" */ = {
			isa = XCConfigurationList;
			buildConfigurations = (
				66B3B5621973967900893A34 /* Debug */,
				66B3B5631973967900893A34 /* Release */,
			);
			defaultConfigurationIsVisible = 0;
		};
/* End XCConfigurationList section */
	};
	rootObject = 66B3B53A1973967900893A34 /* Project object */;
}
